
Microsoft Visual Studio Solution File, Format Version 12.00
# 
Project("{2150E333-8FDC-42A3-9474-1A3956D46DE8}") = "Services", "Services", "{8D0C06F8-73E3-4D7E-926C-D6A54D708AF2}"
EndProject
Project("{2150E333-8FDC-42A3-9474-1A3956D46DE8}") = "Catalog", "Catalog", "{31657BF3-D141-4AE9-A784-2EF1F1118B1F}"
EndProject
Project("{FAE04EC0-301F-11D3-BF4B-00C04F79EFBC}") = "Catalog.API", "Services\Catalog\Catalog.API\Catalog.API.csproj", "{50531623-7C7E-47D0-BDA2-ED1742E21EA1}"
EndProject
Project("{2150E333-8FDC-42A3-9474-1A3956D46DE8}") = "Solution Items", "Solution Items", "{4A250F86-6A10-4A8C-9FCB-BA78F78254A6}"
	ProjectSection(SolutionItems) = preProject
		compose.yaml = compose.yaml
	EndProjectSection
EndProject
Project("{2150E333-8FDC-42A3-9474-1A3956D46DE8}") = "BuildingBlocks", "BuildingBlocks", "{0789081E-00E0-404A-BCD6-2AEAE37E53B1}"
EndProject
Project("{FAE04EC0-301F-11D3-BF4B-00C04F79EFBC}") = "BuildingBlocks", "BuildingBlocks\BuildingBlocks\BuildingBlocks.csproj", "{0A7C9678-998D-47AE-A4FA-1A8BBF95A7E5}"
EndProject
Project("{2150E333-8FDC-42A3-9474-1A3956D46DE8}") = "Basket", "Basket", "{AB7BEA04-A1CD-4A03-8417-86263C035B53}"
EndProject
Project("{FAE04EC0-301F-11D3-BF4B-00C04F79EFBC}") = "Basket.API", "Services\Basket\Basket.API\Basket.API.csproj", "{9B31152B-1E72-4848-8F05-A5471730D910}"
EndProject
Project("{2150E333-8FDC-42A3-9474-1A3956D46DE8}") = "Discount", "Discount", "{1FF245CB-5985-49DF-BCE4-A6E720748CB6}"
EndProject
Project("{FAE04EC0-301F-11D3-BF4B-00C04F79EFBC}") = "Discount.Grpc", "Services\Discount\Discount.Grpc\Discount.Grpc.csproj", "{FA1286AE-FFBA-44F6-A625-6334024CCEDA}"
EndProject
Project("{2150E333-8FDC-42A3-9474-1A3956D46DE8}") = "Ordering", "Ordering", "{9BB0465F-F19C-4D30-929E-D1828B7A26B6}"
EndProject
Project("{FAE04EC0-301F-11D3-BF4B-00C04F79EFBC}") = "Ordering.API", "Services\Ordering\Ordering.API\Ordering.API.csproj", "{312740B7-CFC5-4BF6-9238-09B44BDC5187}"
EndProject
Project("{FAE04EC0-301F-11D3-BF4B-00C04F79EFBC}") = "Ordering.Domain", "Services\Ordering\Ordering.Domain\Ordering.Domain.csproj", "{9283724E-9E3E-429F-99C9-AD4AF79A4082}"
EndProject
Project("{FAE04EC0-301F-11D3-BF4B-00C04F79EFBC}") = "Ordering.Application", "Services\Ordering\Ordering.Application\Ordering.Application.csproj", "{EC7541D3-29F8-4B83-8E28-84B3969BB825}"
EndProject
Project("{FAE04EC0-301F-11D3-BF4B-00C04F79EFBC}") = "Ordering.Infrastructure", "Services\Ordering\Ordering.Infrastructure\Ordering.Infrastructure.csproj", "{F656FB6E-3B48-469C-9E36-AABD96C19587}"
EndProject
Project("{2150E333-8FDC-42A3-9474-1A3956D46DE8}") = "Tests", "Tests", "{5315E560-A39B-4AEB-B73B-46023467D130}"
EndProject
Project("{FAE04EC0-301F-11D3-BF4B-00C04F79EFBC}") = "Ordering.Domain.UnitTests", "..\tests\Services\Ordering\Ordering.Domain.UnitTests\Ordering.Domain.UnitTests.csproj", "{4D30C523-6F72-48A3-AE52-7004DD4D82CB}"
EndProject
Project("{FAE04EC0-301F-11D3-BF4B-00C04F79EFBC}") = "BuildingBlocks.Messaging", "BuildingBlocks\BuildingBlocks.Messaging\BuildingBlocks.Messaging.csproj", "{0DBF50A6-3D48-48E2-9BC3-763B7CCB365E}"
EndProject
Project("{FAE04EC0-301F-11D3-BF4B-00C04F79EFBC}") = "Ordering.Worker", "Services\Ordering\Ordering.Worker\Ordering.Worker.csproj", "{E5D1EC40-B158-400C-8FEB-26E3DCF71628}"
EndProject
Project("{FAE04EC0-301F-11D3-BF4B-00C04F79EFBC}") = "Ordering.Application.UnitTests", "..\tests\Services\Ordering\Ordering.Application.UnitTests\Ordering.Application.UnitTests.csproj", "{5AE53EEA-A483-4949-8B30-27D3A560C2F0}"
EndProject
Project("{FAE04EC0-301F-11D3-BF4B-00C04F79EFBC}") = "Ordering.Worker.UnitTests", "..\tests\Services\Ordering\Ordering.Worker.UnitTests\Ordering.Worker.UnitTests.csproj", "{9809C038-2E86-4056-8394-65CA49A0486B}"
EndProject
Project("{FAE04EC0-301F-11D3-BF4B-00C04F79EFBC}") = "Ordering.IntegrationTests", "..\tests\Services\Ordering\Ordering.IntegrationTests\Ordering.IntegrationTests.csproj", "{B98694FD-D9B7-4EAB-B2D7-BA20514F5BAB}"
EndProject
Global
	GlobalSection(SolutionConfigurationPlatforms) = preSolution
		Debug|Any CPU = Debug|Any CPU
		Release|Any CPU = Release|Any CPU
	EndGlobalSection
	GlobalSection(NestedProjects) = preSolution
		{31657BF3-D141-4AE9-A784-2EF1F1118B1F} = {8D0C06F8-73E3-4D7E-926C-D6A54D708AF2}
		{50531623-7C7E-47D0-BDA2-ED1742E21EA1} = {31657BF3-D141-4AE9-A784-2EF1F1118B1F}
		{0A7C9678-998D-47AE-A4FA-1A8BBF95A7E5} = {0789081E-00E0-404A-BCD6-2AEAE37E53B1}
		{AB7BEA04-A1CD-4A03-8417-86263C035B53} = {8D0C06F8-73E3-4D7E-926C-D6A54D708AF2}
		{9B31152B-1E72-4848-8F05-A5471730D910} = {AB7BEA04-A1CD-4A03-8417-86263C035B53}
		{1FF245CB-5985-49DF-BCE4-A6E720748CB6} = {8D0C06F8-73E3-4D7E-926C-D6A54D708AF2}
		{FA1286AE-FFBA-44F6-A625-6334024CCEDA} = {1FF245CB-5985-49DF-BCE4-A6E720748CB6}
		{9BB0465F-F19C-4D30-929E-D1828B7A26B6} = {8D0C06F8-73E3-4D7E-926C-D6A54D708AF2}
		{312740B7-CFC5-4BF6-9238-09B44BDC5187} = {9BB0465F-F19C-4D30-929E-D1828B7A26B6}
		{9283724E-9E3E-429F-99C9-AD4AF79A4082} = {9BB0465F-F19C-4D30-929E-D1828B7A26B6}
		{EC7541D3-29F8-4B83-8E28-84B3969BB825} = {9BB0465F-F19C-4D30-929E-D1828B7A26B6}
		{F656FB6E-3B48-469C-9E36-AABD96C19587} = {9BB0465F-F19C-4D30-929E-D1828B7A26B6}
		{4D30C523-6F72-48A3-AE52-7004DD4D82CB} = {5315E560-A39B-4AEB-B73B-46023467D130}
		{0DBF50A6-3D48-48E2-9BC3-763B7CCB365E} = {0789081E-00E0-404A-BCD6-2AEAE37E53B1}
		{E5D1EC40-B158-400C-8FEB-26E3DCF71628} = {9BB0465F-F19C-4D30-929E-D1828B7A26B6}
	EndGlobalSection
	GlobalSection(ProjectConfigurationPlatforms) = postSolution
		{50531623-7C7E-47D0-BDA2-ED1742E21EA1}.Debug|Any CPU.ActiveCfg = Debug|Any CPU
		{50531623-7C7E-47D0-BDA2-ED1742E21EA1}.Debug|Any CPU.Build.0 = Debug|Any CPU
		{50531623-7C7E-47D0-BDA2-ED1742E21EA1}.Release|Any CPU.ActiveCfg = Release|Any CPU
		{50531623-7C7E-47D0-BDA2-ED1742E21EA1}.Release|Any CPU.Build.0 = Release|Any CPU
		{0A7C9678-998D-47AE-A4FA-1A8BBF95A7E5}.Debug|Any CPU.ActiveCfg = Debug|Any CPU
		{0A7C9678-998D-47AE-A4FA-1A8BBF95A7E5}.Debug|Any CPU.Build.0 = Debug|Any CPU
		{0A7C9678-998D-47AE-A4FA-1A8BBF95A7E5}.Release|Any CPU.ActiveCfg = Release|Any CPU
		{0A7C9678-998D-47AE-A4FA-1A8BBF95A7E5}.Release|Any CPU.Build.0 = Release|Any CPU
		{9B31152B-1E72-4848-8F05-A5471730D910}.Debug|Any CPU.ActiveCfg = Debug|Any CPU
		{9B31152B-1E72-4848-8F05-A5471730D910}.Debug|Any CPU.Build.0 = Debug|Any CPU
		{9B31152B-1E72-4848-8F05-A5471730D910}.Release|Any CPU.ActiveCfg = Release|Any CPU
		{9B31152B-1E72-4848-8F05-A5471730D910}.Release|Any CPU.Build.0 = Release|Any CPU
		{FA1286AE-FFBA-44F6-A625-6334024CCEDA}.Debug|Any CPU.ActiveCfg = Debug|Any CPU
		{FA1286AE-FFBA-44F6-A625-6334024CCEDA}.Debug|Any CPU.Build.0 = Debug|Any CPU
		{FA1286AE-FFBA-44F6-A625-6334024CCEDA}.Release|Any CPU.ActiveCfg = Release|Any CPU
		{FA1286AE-FFBA-44F6-A625-6334024CCEDA}.Release|Any CPU.Build.0 = Release|Any CPU
		{312740B7-CFC5-4BF6-9238-09B44BDC5187}.Debug|Any CPU.ActiveCfg = Debug|Any CPU
		{312740B7-CFC5-4BF6-9238-09B44BDC5187}.Debug|Any CPU.Build.0 = Debug|Any CPU
		{312740B7-CFC5-4BF6-9238-09B44BDC5187}.Release|Any CPU.ActiveCfg = Release|Any CPU
		{312740B7-CFC5-4BF6-9238-09B44BDC5187}.Release|Any CPU.Build.0 = Release|Any CPU
		{9283724E-9E3E-429F-99C9-AD4AF79A4082}.Debug|Any CPU.ActiveCfg = Debug|Any CPU
		{9283724E-9E3E-429F-99C9-AD4AF79A4082}.Debug|Any CPU.Build.0 = Debug|Any CPU
		{9283724E-9E3E-429F-99C9-AD4AF79A4082}.Release|Any CPU.ActiveCfg = Release|Any CPU
		{9283724E-9E3E-429F-99C9-AD4AF79A4082}.Release|Any CPU.Build.0 = Release|Any CPU
		{EC7541D3-29F8-4B83-8E28-84B3969BB825}.Debug|Any CPU.ActiveCfg = Debug|Any CPU
		{EC7541D3-29F8-4B83-8E28-84B3969BB825}.Debug|Any CPU.Build.0 = Debug|Any CPU
		{EC7541D3-29F8-4B83-8E28-84B3969BB825}.Release|Any CPU.ActiveCfg = Release|Any CPU
		{EC7541D3-29F8-4B83-8E28-84B3969BB825}.Release|Any CPU.Build.0 = Release|Any CPU
		{F656FB6E-3B48-469C-9E36-AABD96C19587}.Debug|Any CPU.ActiveCfg = Debug|Any CPU
		{F656FB6E-3B48-469C-9E36-AABD96C19587}.Debug|Any CPU.Build.0 = Debug|Any CPU
		{F656FB6E-3B48-469C-9E36-AABD96C19587}.Release|Any CPU.ActiveCfg = Release|Any CPU
		{F656FB6E-3B48-469C-9E36-AABD96C19587}.Release|Any CPU.Build.0 = Release|Any CPU
		{4D30C523-6F72-48A3-AE52-7004DD4D82CB}.Debug|Any CPU.ActiveCfg = Debug|Any CPU
		{4D30C523-6F72-48A3-AE52-7004DD4D82CB}.Debug|Any CPU.Build.0 = Debug|Any CPU
		{4D30C523-6F72-48A3-AE52-7004DD4D82CB}.Release|Any CPU.ActiveCfg = Release|Any CPU
		{4D30C523-6F72-48A3-AE52-7004DD4D82CB}.Release|Any CPU.Build.0 = Release|Any CPU
		{0DBF50A6-3D48-48E2-9BC3-763B7CCB365E}.Debug|Any CPU.ActiveCfg = Debug|Any CPU
		{0DBF50A6-3D48-48E2-9BC3-763B7CCB365E}.Debug|Any CPU.Build.0 = Debug|Any CPU
		{0DBF50A6-3D48-48E2-9BC3-763B7CCB365E}.Release|Any CPU.ActiveCfg = Release|Any CPU
		{0DBF50A6-3D48-48E2-9BC3-763B7CCB365E}.Release|Any CPU.Build.0 = Release|Any CPU
		{E5D1EC40-B158-400C-8FEB-26E3DCF71628}.Debug|Any CPU.ActiveCfg = Debug|Any CPU
		{E5D1EC40-B158-400C-8FEB-26E3DCF71628}.Debug|Any CPU.Build.0 = Debug|Any CPU
		{E5D1EC40-B158-400C-8FEB-26E3DCF71628}.Release|Any CPU.ActiveCfg = Release|Any CPU
		{E5D1EC40-B158-400C-8FEB-26E3DCF71628}.Release|Any CPU.Build.0 = Release|Any CPU
		{5AE53EEA-A483-4949-8B30-27D3A560C2F0}.Debug|Any CPU.ActiveCfg = Debug|Any CPU
		{5AE53EEA-A483-4949-8B30-27D3A560C2F0}.Debug|Any CPU.Build.0 = Debug|Any CPU
		{5AE53EEA-A483-4949-8B30-27D3A560C2F0}.Release|Any CPU.ActiveCfg = Release|Any CPU
		{5AE53EEA-A483-4949-8B30-27D3A560C2F0}.Release|Any CPU.Build.0 = Release|Any CPU
		{9809C038-2E86-4056-8394-65CA49A0486B}.Debug|Any CPU.ActiveCfg = Debug|Any CPU
		{9809C038-2E86-4056-8394-65CA49A0486B}.Debug|Any CPU.Build.0 = Debug|Any CPU
		{9809C038-2E86-4056-8394-65CA49A0486B}.Release|Any CPU.ActiveCfg = Release|Any CPU
		{9809C038-2E86-4056-8394-65CA49A0486B}.Release|Any CPU.Build.0 = Release|Any CPU
		{B98694FD-D9B7-4EAB-B2D7-BA20514F5BAB}.Debug|Any CPU.ActiveCfg = Debug|Any CPU
		{B98694FD-D9B7-4EAB-B2D7-BA20514F5BAB}.Debug|Any CPU.Build.0 = Debug|Any CPU
		{B98694FD-D9B7-4EAB-B2D7-BA20514F5BAB}.Release|Any CPU.ActiveCfg = Release|Any CPU
		{B98694FD-D9B7-4EAB-B2D7-BA20514F5BAB}.Release|Any CPU.Build.0 = Release|Any CPU
	EndGlobalSection
EndGlobal
